
Microsoft Visual Studio Solution File, Format Version 12.00
# Visual Studio Version 17
VisualStudioVersion = 17.9.34728.123
MinimumVisualStudioVersion = 10.0.40219.1
Project("{FAE04EC0-301F-11D3-BF4B-00C04F79EFBC}") = "GameDataParser", "GameDataParser\GameDataParser.csproj", "{D7CE1420-638F-4F25-8CAA-D2A3DDB2C016}"
EndProject
Global
	GlobalSection(SolutionConfigurationPlatforms) = preSolution
		Debug|Any CPU = Debug|Any CPU
		Release|Any CPU = Release|Any CPU
	EndGlobalSection
	GlobalSection(ProjectConfigurationPlatforms) = postSolution
		{D7CE1420-638F-4F25-8CAA-D2A3DDB2C016}.Debug|Any CPU.ActiveCfg = Debug|Any CPU
		{D7CE1420-638F-4F25-8CAA-D2A3DDB2C016}.Debug|Any CPU.Build.0 = Debug|Any CPU
		{D7CE1420-638F-4F25-8CAA-D2A3DDB2C016}.Release|Any CPU.ActiveCfg = Release|Any CPU
		{D7CE1420-638F-4F25-8CAA-D2A3DDB2C016}.Release|Any CPU.Build.0 = Release|Any CPU
	EndGlobalSection
	GlobalSection(SolutionProperties) = preSolution
		HideSolutionNode = FALSE
	EndGlobalSection
	GlobalSection(ExtensibilityGlobals) = postSolution
		SolutionGuid = {6F5E84DD-E273-4FB0-BC39-9CA643A2358E}
	EndGlobalSection
EndGlobal
